
Microsoft Visual Studio Solution File, Format Version 12.00
# Visual Studio 15
VisualStudioVersion = 15.0.27004.2010
MinimumVisualStudioVersion = 10.0.40219.1
Project("{FAE04EC0-301F-11D3-BF4B-00C04F79EFBC}") = "ConnectAccessDB", "ConnectAccessDB\ConnectAccessDB.csproj", "{C622348A-857A-4D8F-926D-83A674598E64}"
EndProject
Global
	GlobalSection(SolutionConfigurationPlatforms) = preSolution
		Debug|Any CPU = Debug|Any CPU
		Release|Any CPU = Release|Any CPU
	EndGlobalSection
	GlobalSection(ProjectConfigurationPlatforms) = postSolution
		{C622348A-857A-4D8F-926D-83A674598E64}.Debug|Any CPU.ActiveCfg = Debug|Any CPU
		{C622348A-857A-4D8F-926D-83A674598E64}.Debug|Any CPU.Build.0 = Debug|Any CPU
		{C622348A-857A-4D8F-926D-83A674598E64}.Release|Any CPU.ActiveCfg = Release|Any CPU
		{C622348A-857A-4D8F-926D-83A674598E64}.Release|Any CPU.Build.0 = Release|Any CPU
	EndGlobalSection
	GlobalSection(SolutionProperties) = preSolution
		HideSolutionNode = FALSE
	EndGlobalSection
	GlobalSection(ExtensibilityGlobals) = postSolution
		SolutionGuid = {21FC1EB1-CC90-494D-8856-A93DC3035B44}
	EndGlobalSection
EndGlobal
